
Microsoft Visual Studio Solution File, Format Version 11.00
# Visual Studio 2010
Project("{FAE04EC0-301F-11D3-BF4B-00C04F79EFBC}") = "UnityEngine.UI", "UnityEngine.UI.csproj", "{5341F255-5806-AFBB-FC86-F5A6541B3F0F}"
EndProject
Project("{FAE04EC0-301F-11D3-BF4B-00C04F79EFBC}") = "Unity.RenderPipelines.Core.Runtime", "Unity.RenderPipelines.Core.Runtime.csproj", "{C52D721D-27EB-3596-468B-5CACA291736E}"
EndProject
Project("{FAE04EC0-301F-11D3-BF4B-00C04F79EFBC}") = "UnityEngine.TestRunner", "UnityEngine.TestRunner.csproj", "{A78BA00D-1C2D-2F83-F9BC-040AB2DD4895}"
EndProject
Project("{FAE04EC0-301F-11D3-BF4B-00C04F79EFBC}") = "Unity.Mathematics", "Unity.Mathematics.csproj", "{05143478-3379-D4D3-2F39-EA8D6D0CA72F}"
EndProject
Project("{FAE04EC0-301F-11D3-BF4B-00C04F79EFBC}") = "Assembly-CSharp", "Assembly-CSharp.csproj", "{AEEC5F59-701E-8C3E-86C2-B97C9E25518C}"
EndProject
Project("{FAE04EC0-301F-11D3-BF4B-00C04F79EFBC}") = "Unity.Timeline", "Unity.Timeline.csproj", "{9A83AF41-0532-67D8-E165-7060AFC98810}"
EndProject
Project("{FAE04EC0-301F-11D3-BF4B-00C04F79EFBC}") = "Unity.RenderPipelines.Universal.Runtime", "Unity.RenderPipelines.Universal.Runtime.csproj", "{607F0EE8-EE37-B4EE-6742-25A88A091AA6}"
EndProject
Project("{FAE04EC0-301F-11D3-BF4B-00C04F79EFBC}") = "Unity.TextMeshPro", "Unity.TextMeshPro.csproj", "{26E1B2BA-2A80-3C3E-0FCF-E52D97AE21C9}"
EndProject
Project("{FAE04EC0-301F-11D3-BF4B-00C04F79EFBC}") = "Unity.RenderPipelines.Core.ShaderLibrary", "Unity.RenderPipelines.Core.ShaderLibrary.csproj", "{C7933BC2-4A48-6246-616E-C803D9C947B3}"
EndProject
Project("{FAE04EC0-301F-11D3-BF4B-00C04F79EFBC}") = "Unity.RenderPipelines.Universal.Shaders", "Unity.RenderPipelines.Universal.Shaders.csproj", "{F04982B3-3D8F-0E7C-CD17-31BABF2FECEB}"
EndProject
Project("{FAE04EC0-301F-11D3-BF4B-00C04F79EFBC}") = "Unity.RenderPipelines.ShaderGraph.ShaderGraphLibrary", "Unity.RenderPipelines.ShaderGraph.ShaderGraphLibrary.csproj", "{E84C10C9-2097-C75C-0C48-78EBB32E34DD}"
EndProject
Project("{FAE04EC0-301F-11D3-BF4B-00C04F79EFBC}") = "Unity.RenderPipeline.Universal.ShaderLibrary", "Unity.RenderPipeline.Universal.ShaderLibrary.csproj", "{24ADC99B-5910-EABB-0D74-782F64366102}"
EndProject
Project("{FAE04EC0-301F-11D3-BF4B-00C04F79EFBC}") = "UnityEditor.TestRunner", "UnityEditor.TestRunner.csproj", "{34BF95F9-31D2-D725-5DDA-C518D8DAA4D3}"
EndProject
Project("{FAE04EC0-301F-11D3-BF4B-00C04F79EFBC}") = "Unity.PlasticSCM.Editor", "Unity.PlasticSCM.Editor.csproj", "{8B0060A2-BAB8-5BCD-7E42-1255F4151320}"
EndProject
Project("{FAE04EC0-301F-11D3-BF4B-00C04F79EFBC}") = "Unity.ShaderGraph.Editor", "Unity.ShaderGraph.Editor.csproj", "{83C63B80-0705-FCBF-36C5-48AD333926F1}"
EndProject
Project("{FAE04EC0-301F-11D3-BF4B-00C04F79EFBC}") = "UnityEditor.UI", "UnityEditor.UI.csproj", "{5DFB93FC-4DD2-B0FC-6C36-31AF0758F59F}"
EndProject
Project("{FAE04EC0-301F-11D3-BF4B-00C04F79EFBC}") = "Unity.VisualStudio.Editor", "Unity.VisualStudio.Editor.csproj", "{E9C7A88C-1DCD-7692-FB68-F5F08682D2C2}"
EndProject
Project("{FAE04EC0-301F-11D3-BF4B-00C04F79EFBC}") = "Unity.Timeline.Editor", "Unity.Timeline.Editor.csproj", "{FE2D908A-6A11-CEC5-ED90-0FA10C67BDE2}"
EndProject
Project("{FAE04EC0-301F-11D3-BF4B-00C04F79EFBC}") = "Unity.TextMeshPro.Editor", "Unity.TextMeshPro.Editor.csproj", "{CD721106-093F-E457-F887-A1F273B43A33}"
EndProject
Project("{FAE04EC0-301F-11D3-BF4B-00C04F79EFBC}") = "Unity.RenderPipelines.Core.Editor", "Unity.RenderPipelines.Core.Editor.csproj", "{F5A27AA3-9C96-4EA9-EB11-55F04F33273B}"
EndProject
Project("{FAE04EC0-301F-11D3-BF4B-00C04F79EFBC}") = "Unity.CollabProxy.Editor", "Unity.CollabProxy.Editor.csproj", "{BBE3B840-A58A-9838-C60D-1F9C068951CC}"
EndProject
Project("{FAE04EC0-301F-11D3-BF4B-00C04F79EFBC}") = "Unity.ShaderGraph.Utilities", "Unity.ShaderGraph.Utilities.csproj", "{69365D3B-AE77-62F5-FC0D-546B7BB056B3}"
EndProject
Project("{FAE04EC0-301F-11D3-BF4B-00C04F79EFBC}") = "Unity.RenderPipelines.Universal.Editor", "Unity.RenderPipelines.Universal.Editor.csproj", "{C726A60B-4052-B7B8-7B10-2A58348D3CB4}"
EndProject
Project("{FAE04EC0-301F-11D3-BF4B-00C04F79EFBC}") = "Assembly-CSharp-Editor", "Assembly-CSharp-Editor.csproj", "{E4FF8F14-8064-A23B-CCBF-3837772CDBBD}"
EndProject
Project("{FAE04EC0-301F-11D3-BF4B-00C04F79EFBC}") = "Unity.Rider.Editor", "Unity.Rider.Editor.csproj", "{BC44BA4A-C5BF-1CD4-A7BB-CDCB93029E27}"
EndProject
Project("{FAE04EC0-301F-11D3-BF4B-00C04F79EFBC}") = "Unity.Searcher.Editor", "Unity.Searcher.Editor.csproj", "{71859C01-5D41-7F27-84F8-4DA0916DDA77}"
EndProject
Project("{FAE04EC0-301F-11D3-BF4B-00C04F79EFBC}") = "Unity.VSCode.Editor", "Unity.VSCode.Editor.csproj", "{B575EF03-2FD4-F9AD-6F6B-018851996C16}"
EndProject
Project("{FAE04EC0-301F-11D3-BF4B-00C04F79EFBC}") = "Unity.Mathematics.Editor", "Unity.Mathematics.Editor.csproj", "{BA9FD3BB-D3DB-0791-D797-FDF2CCE9A03B}"
EndProject
Global
	GlobalSection(SolutionConfigurationPlatforms) = preSolution
		Debug|Any CPU = Debug|Any CPU
		Release|Any CPU = Release|Any CPU
	EndGlobalSection
	GlobalSection(ProjectConfigurationPlatforms) = postSolution
		{5341F255-5806-AFBB-FC86-F5A6541B3F0F}.Debug|Any CPU.ActiveCfg = Debug|Any CPU
		{5341F255-5806-AFBB-FC86-F5A6541B3F0F}.Debug|Any CPU.Build.0 = Debug|Any CPU
		{5341F255-5806-AFBB-FC86-F5A6541B3F0F}.Release|Any CPU.ActiveCfg = Release|Any CPU
		{5341F255-5806-AFBB-FC86-F5A6541B3F0F}.Release|Any CPU.Build.0 = Release|Any CPU
		{C52D721D-27EB-3596-468B-5CACA291736E}.Debug|Any CPU.ActiveCfg = Debug|Any CPU
		{C52D721D-27EB-3596-468B-5CACA291736E}.Debug|Any CPU.Build.0 = Debug|Any CPU
		{C52D721D-27EB-3596-468B-5CACA291736E}.Release|Any CPU.ActiveCfg = Release|Any CPU
		{C52D721D-27EB-3596-468B-5CACA291736E}.Release|Any CPU.Build.0 = Release|Any CPU
		{A78BA00D-1C2D-2F83-F9BC-040AB2DD4895}.Debug|Any CPU.ActiveCfg = Debug|Any CPU
		{A78BA00D-1C2D-2F83-F9BC-040AB2DD4895}.Debug|Any CPU.Build.0 = Debug|Any CPU
		{A78BA00D-1C2D-2F83-F9BC-040AB2DD4895}.Release|Any CPU.ActiveCfg = Release|Any CPU
		{A78BA00D-1C2D-2F83-F9BC-040AB2DD4895}.Release|Any CPU.Build.0 = Release|Any CPU
		{05143478-3379-D4D3-2F39-EA8D6D0CA72F}.Debug|Any CPU.ActiveCfg = Debug|Any CPU
		{05143478-3379-D4D3-2F39-EA8D6D0CA72F}.Debug|Any CPU.Build.0 = Debug|Any CPU
		{05143478-3379-D4D3-2F39-EA8D6D0CA72F}.Release|Any CPU.ActiveCfg = Release|Any CPU
		{05143478-3379-D4D3-2F39-EA8D6D0CA72F}.Release|Any CPU.Build.0 = Release|Any CPU
		{AEEC5F59-701E-8C3E-86C2-B97C9E25518C}.Debug|Any CPU.ActiveCfg = Debug|Any CPU
		{AEEC5F59-701E-8C3E-86C2-B97C9E25518C}.Debug|Any CPU.Build.0 = Debug|Any CPU
		{AEEC5F59-701E-8C3E-86C2-B97C9E25518C}.Release|Any CPU.ActiveCfg = Release|Any CPU
		{AEEC5F59-701E-8C3E-86C2-B97C9E25518C}.Release|Any CPU.Build.0 = Release|Any CPU
		{9A83AF41-0532-67D8-E165-7060AFC98810}.Debug|Any CPU.ActiveCfg = Debug|Any CPU
		{9A83AF41-0532-67D8-E165-7060AFC98810}.Debug|Any CPU.Build.0 = Debug|Any CPU
		{9A83AF41-0532-67D8-E165-7060AFC98810}.Release|Any CPU.ActiveCfg = Release|Any CPU
		{9A83AF41-0532-67D8-E165-7060AFC98810}.Release|Any CPU.Build.0 = Release|Any CPU
		{607F0EE8-EE37-B4EE-6742-25A88A091AA6}.Debug|Any CPU.ActiveCfg = Debug|Any CPU
		{607F0EE8-EE37-B4EE-6742-25A88A091AA6}.Debug|Any CPU.Build.0 = Debug|Any CPU
		{607F0EE8-EE37-B4EE-6742-25A88A091AA6}.Release|Any CPU.ActiveCfg = Release|Any CPU
		{607F0EE8-EE37-B4EE-6742-25A88A091AA6}.Release|Any CPU.Build.0 = Release|Any CPU
		{26E1B2BA-2A80-3C3E-0FCF-E52D97AE21C9}.Debug|Any CPU.ActiveCfg = Debug|Any CPU
		{26E1B2BA-2A80-3C3E-0FCF-E52D97AE21C9}.Debug|Any CPU.Build.0 = Debug|Any CPU
		{26E1B2BA-2A80-3C3E-0FCF-E52D97AE21C9}.Release|Any CPU.ActiveCfg = Release|Any CPU
		{26E1B2BA-2A80-3C3E-0FCF-E52D97AE21C9}.Release|Any CPU.Build.0 = Release|Any CPU
		{C7933BC2-4A48-6246-616E-C803D9C947B3}.Debug|Any CPU.ActiveCfg = Debug|Any CPU
		{C7933BC2-4A48-6246-616E-C803D9C947B3}.Debug|Any CPU.Build.0 = Debug|Any CPU
		{C7933BC2-4A48-6246-616E-C803D9C947B3}.Release|Any CPU.ActiveCfg = Release|Any CPU
		{C7933BC2-4A48-6246-616E-C803D9C947B3}.Release|Any CPU.Build.0 = Release|Any CPU
		{F04982B3-3D8F-0E7C-CD17-31BABF2FECEB}.Debug|Any CPU.ActiveCfg = Debug|Any CPU
		{F04982B3-3D8F-0E7C-CD17-31BABF2FECEB}.Debug|Any CPU.Build.0 = Debug|Any CPU
		{F04982B3-3D8F-0E7C-CD17-31BABF2FECEB}.Release|Any CPU.ActiveCfg = Release|Any CPU
		{F04982B3-3D8F-0E7C-CD17-31BABF2FECEB}.Release|Any CPU.Build.0 = Release|Any CPU
		{E84C10C9-2097-C75C-0C48-78EBB32E34DD}.Debug|Any CPU.ActiveCfg = Debug|Any CPU
		{E84C10C9-2097-C75C-0C48-78EBB32E34DD}.Debug|Any CPU.Build.0 = Debug|Any CPU
		{E84C10C9-2097-C75C-0C48-78EBB32E34DD}.Release|Any CPU.ActiveCfg = Release|Any CPU
		{E84C10C9-2097-C75C-0C48-78EBB32E34DD}.Release|Any CPU.Build.0 = Release|Any CPU
		{24ADC99B-5910-EABB-0D74-782F64366102}.Debug|Any CPU.ActiveCfg = Debug|Any CPU
		{24ADC99B-5910-EABB-0D74-782F64366102}.Debug|Any CPU.Build.0 = Debug|Any CPU
		{24ADC99B-5910-EABB-0D74-782F64366102}.Release|Any CPU.ActiveCfg = Release|Any CPU
		{24ADC99B-5910-EABB-0D74-782F64366102}.Release|Any CPU.Build.0 = Release|Any CPU
		{34BF95F9-31D2-D725-5DDA-C518D8DAA4D3}.Debug|Any CPU.ActiveCfg = Debug|Any CPU
		{34BF95F9-31D2-D725-5DDA-C518D8DAA4D3}.Debug|Any CPU.Build.0 = Debug|Any CPU
		{34BF95F9-31D2-D725-5DDA-C518D8DAA4D3}.Release|Any CPU.ActiveCfg = Release|Any CPU
		{34BF95F9-31D2-D725-5DDA-C518D8DAA4D3}.Release|Any CPU.Build.0 = Release|Any CPU
		{8B0060A2-BAB8-5BCD-7E42-1255F4151320}.Debug|Any CPU.ActiveCfg = Debug|Any CPU
		{8B0060A2-BAB8-5BCD-7E42-1255F4151320}.Debug|Any CPU.Build.0 = Debug|Any CPU
		{8B0060A2-BAB8-5BCD-7E42-1255F4151320}.Release|Any CPU.ActiveCfg = Release|Any CPU
		{8B0060A2-BAB8-5BCD-7E42-1255F4151320}.Release|Any CPU.Build.0 = Release|Any CPU
		{83C63B80-0705-FCBF-36C5-48AD333926F1}.Debug|Any CPU.ActiveCfg = Debug|Any CPU
		{83C63B80-0705-FCBF-36C5-48AD333926F1}.Debug|Any CPU.Build.0 = Debug|Any CPU
		{83C63B80-0705-FCBF-36C5-48AD333926F1}.Release|Any CPU.ActiveCfg = Release|Any CPU
		{83C63B80-0705-FCBF-36C5-48AD333926F1}.Release|Any CPU.Build.0 = Release|Any CPU
		{5DFB93FC-4DD2-B0FC-6C36-31AF0758F59F}.Debug|Any CPU.ActiveCfg = Debug|Any CPU
		{5DFB93FC-4DD2-B0FC-6C36-31AF0758F59F}.Debug|Any CPU.Build.0 = Debug|Any CPU
		{5DFB93FC-4DD2-B0FC-6C36-31AF0758F59F}.Release|Any CPU.ActiveCfg = Release|Any CPU
		{5DFB93FC-4DD2-B0FC-6C36-31AF0758F59F}.Release|Any CPU.Build.0 = Release|Any CPU
		{E9C7A88C-1DCD-7692-FB68-F5F08682D2C2}.Debug|Any CPU.ActiveCfg = Debug|Any CPU
		{E9C7A88C-1DCD-7692-FB68-F5F08682D2C2}.Debug|Any CPU.Build.0 = Debug|Any CPU
		{E9C7A88C-1DCD-7692-FB68-F5F08682D2C2}.Release|Any CPU.ActiveCfg = Release|Any CPU
		{E9C7A88C-1DCD-7692-FB68-F5F08682D2C2}.Release|Any CPU.Build.0 = Release|Any CPU
		{FE2D908A-6A11-CEC5-ED90-0FA10C67BDE2}.Debug|Any CPU.ActiveCfg = Debug|Any CPU
		{FE2D908A-6A11-CEC5-ED90-0FA10C67BDE2}.Debug|Any CPU.Build.0 = Debug|Any CPU
		{FE2D908A-6A11-CEC5-ED90-0FA10C67BDE2}.Release|Any CPU.ActiveCfg = Release|Any CPU
		{FE2D908A-6A11-CEC5-ED90-0FA10C67BDE2}.Release|Any CPU.Build.0 = Release|Any CPU
		{CD721106-093F-E457-F887-A1F273B43A33}.Debug|Any CPU.ActiveCfg = Debug|Any CPU
		{CD721106-093F-E457-F887-A1F273B43A33}.Debug|Any CPU.Build.0 = Debug|Any CPU
		{CD721106-093F-E457-F887-A1F273B43A33}.Release|Any CPU.ActiveCfg = Release|Any CPU
		{CD721106-093F-E457-F887-A1F273B43A33}.Release|Any CPU.Build.0 = Release|Any CPU
		{F5A27AA3-9C96-4EA9-EB11-55F04F33273B}.Debug|Any CPU.ActiveCfg = Debug|Any CPU
		{F5A27AA3-9C96-4EA9-EB11-55F04F33273B}.Debug|Any CPU.Build.0 = Debug|Any CPU
		{F5A27AA3-9C96-4EA9-EB11-55F04F33273B}.Release|Any CPU.ActiveCfg = Release|Any CPU
		{F5A27AA3-9C96-4EA9-EB11-55F04F33273B}.Release|Any CPU.Build.0 = Release|Any CPU
		{BBE3B840-A58A-9838-C60D-1F9C068951CC}.Debug|Any CPU.ActiveCfg = Debug|Any CPU
		{BBE3B840-A58A-9838-C60D-1F9C068951CC}.Debug|Any CPU.Build.0 = Debug|Any CPU
		{BBE3B840-A58A-9838-C60D-1F9C068951CC}.Release|Any CPU.ActiveCfg = Release|Any CPU
		{BBE3B840-A58A-9838-C60D-1F9C068951CC}.Release|Any CPU.Build.0 = Release|Any CPU
		{69365D3B-AE77-62F5-FC0D-546B7BB056B3}.Debug|Any CPU.ActiveCfg = Debug|Any CPU
		{69365D3B-AE77-62F5-FC0D-546B7BB056B3}.Debug|Any CPU.Build.0 = Debug|Any CPU
		{69365D3B-AE77-62F5-FC0D-546B7BB056B3}.Release|Any CPU.ActiveCfg = Release|Any CPU
		{69365D3B-AE77-62F5-FC0D-546B7BB056B3}.Release|Any CPU.Build.0 = Release|Any CPU
		{C726A60B-4052-B7B8-7B10-2A58348D3CB4}.Debug|Any CPU.ActiveCfg = Debug|Any CPU
		{C726A60B-4052-B7B8-7B10-2A58348D3CB4}.Debug|Any CPU.Build.0 = Debug|Any CPU
		{C726A60B-4052-B7B8-7B10-2A58348D3CB4}.Release|Any CPU.ActiveCfg = Release|Any CPU
		{C726A60B-4052-B7B8-7B10-2A58348D3CB4}.Release|Any CPU.Build.0 = Release|Any CPU
		{E4FF8F14-8064-A23B-CCBF-3837772CDBBD}.Debug|Any CPU.ActiveCfg = Debug|Any CPU
		{E4FF8F14-8064-A23B-CCBF-3837772CDBBD}.Debug|Any CPU.Build.0 = Debug|Any CPU
		{E4FF8F14-8064-A23B-CCBF-3837772CDBBD}.Release|Any CPU.ActiveCfg = Release|Any CPU
		{E4FF8F14-8064-A23B-CCBF-3837772CDBBD}.Release|Any CPU.Build.0 = Release|Any CPU
		{BC44BA4A-C5BF-1CD4-A7BB-CDCB93029E27}.Debug|Any CPU.ActiveCfg = Debug|Any CPU
		{BC44BA4A-C5BF-1CD4-A7BB-CDCB93029E27}.Debug|Any CPU.Build.0 = Debug|Any CPU
		{BC44BA4A-C5BF-1CD4-A7BB-CDCB93029E27}.Release|Any CPU.ActiveCfg = Release|Any CPU
		{BC44BA4A-C5BF-1CD4-A7BB-CDCB93029E27}.Release|Any CPU.Build.0 = Release|Any CPU
		{71859C01-5D41-7F27-84F8-4DA0916DDA77}.Debug|Any CPU.ActiveCfg = Debug|Any CPU
		{71859C01-5D41-7F27-84F8-4DA0916DDA77}.Debug|Any CPU.Build.0 = Debug|Any CPU
		{71859C01-5D41-7F27-84F8-4DA0916DDA77}.Release|Any CPU.ActiveCfg = Release|Any CPU
		{71859C01-5D41-7F27-84F8-4DA0916DDA77}.Release|Any CPU.Build.0 = Release|Any CPU
		{B575EF03-2FD4-F9AD-6F6B-018851996C16}.Debug|Any CPU.ActiveCfg = Debug|Any CPU
		{B575EF03-2FD4-F9AD-6F6B-018851996C16}.Debug|Any CPU.Build.0 = Debug|Any CPU
		{B575EF03-2FD4-F9AD-6F6B-018851996C16}.Release|Any CPU.ActiveCfg = Release|Any CPU
		{B575EF03-2FD4-F9AD-6F6B-018851996C16}.Release|Any CPU.Build.0 = Release|Any CPU
		{BA9FD3BB-D3DB-0791-D797-FDF2CCE9A03B}.Debug|Any CPU.ActiveCfg = Debug|Any CPU
		{BA9FD3BB-D3DB-0791-D797-FDF2CCE9A03B}.Debug|Any CPU.Build.0 = Debug|Any CPU
		{BA9FD3BB-D3DB-0791-D797-FDF2CCE9A03B}.Release|Any CPU.ActiveCfg = Release|Any CPU
		{BA9FD3BB-D3DB-0791-D797-FDF2CCE9A03B}.Release|Any CPU.Build.0 = Release|Any CPU
	EndGlobalSection
	GlobalSection(SolutionProperties) = preSolution
		HideSolutionNode = FALSE
	EndGlobalSection
EndGlobal
